
Microsoft Visual Studio Solution File, Format Version 12.00
# Visual Studio Version 16
VisualStudioVersion = 16.0.30907.101
MinimumVisualStudioVersion = 10.0.40219.1
Project("{9A19103F-16F7-4668-BE54-9A1E7A4F7556}") = "MediatR.Dynamic", "MediatR.Dynamic.csproj", "{ACF6548D-36D7-48F5-A0E2-8B21C0CC70B6}"
EndProject
Project("{2150E333-8FDC-42A3-9474-1A3956D46DE8}") = "Solution Items", "Solution Items", "{69787090-22B8-407F-8734-B5F5C8A429FC}"
	ProjectSection(SolutionItems) = preProject
		..\..\README.md = ..\..\README.md
	EndProjectSection
EndProject
Project("{9A19103F-16F7-4668-BE54-9A1E7A4F7556}") = "MediatR.Dynamic.Example.Test", "..\Example\MediatR.Dynamic.Example.Test\MediatR.Dynamic.Example.Test.csproj", "{389AD364-3A34-4DCA-ACE0-0FFDFA2B88A8}"
EndProject
Project("{FAE04EC0-301F-11D3-BF4B-00C04F79EFBC}") = "MediatR.Dynamic.Test", "..\Test\MediatR.Dynamic.Test\MediatR.Dynamic.Test.csproj", "{DFB084F3-78AF-4EE5-9BDE-C30F8386A785}"
EndProject
Global
	GlobalSection(SolutionConfigurationPlatforms) = preSolution
		Debug|Any CPU = Debug|Any CPU
		Release|Any CPU = Release|Any CPU
	EndGlobalSection
	GlobalSection(ProjectConfigurationPlatforms) = postSolution
		{ACF6548D-36D7-48F5-A0E2-8B21C0CC70B6}.Debug|Any CPU.ActiveCfg = Debug|Any CPU
		{ACF6548D-36D7-48F5-A0E2-8B21C0CC70B6}.Debug|Any CPU.Build.0 = Debug|Any CPU
		{ACF6548D-36D7-48F5-A0E2-8B21C0CC70B6}.Release|Any CPU.ActiveCfg = Release|Any CPU
		{ACF6548D-36D7-48F5-A0E2-8B21C0CC70B6}.Release|Any CPU.Build.0 = Release|Any CPU
		{389AD364-3A34-4DCA-ACE0-0FFDFA2B88A8}.Debug|Any CPU.ActiveCfg = Debug|Any CPU
		{389AD364-3A34-4DCA-ACE0-0FFDFA2B88A8}.Debug|Any CPU.Build.0 = Debug|Any CPU
		{389AD364-3A34-4DCA-ACE0-0FFDFA2B88A8}.Release|Any CPU.ActiveCfg = Release|Any CPU
		{389AD364-3A34-4DCA-ACE0-0FFDFA2B88A8}.Release|Any CPU.Build.0 = Release|Any CPU
		{DFB084F3-78AF-4EE5-9BDE-C30F8386A785}.Debug|Any CPU.ActiveCfg = Debug|Any CPU
		{DFB084F3-78AF-4EE5-9BDE-C30F8386A785}.Debug|Any CPU.Build.0 = Debug|Any CPU
		{DFB084F3-78AF-4EE5-9BDE-C30F8386A785}.Release|Any CPU.ActiveCfg = Release|Any CPU
		{DFB084F3-78AF-4EE5-9BDE-C30F8386A785}.Release|Any CPU.Build.0 = Release|Any CPU
	EndGlobalSection
	GlobalSection(SolutionProperties) = preSolution
		HideSolutionNode = FALSE
	EndGlobalSection
	GlobalSection(NestedProjects) = preSolution
		{389AD364-3A34-4DCA-ACE0-0FFDFA2B88A8} = {69787090-22B8-407F-8734-B5F5C8A429FC}
		{DFB084F3-78AF-4EE5-9BDE-C30F8386A785} = {69787090-22B8-407F-8734-B5F5C8A429FC}
	EndGlobalSection
	GlobalSection(ExtensibilityGlobals) = postSolution
		SolutionGuid = {9C6BADEE-D049-4CAA-BF13-CF86418CE52C}
	EndGlobalSection
EndGlobal
